
Microsoft Visual Studio Solution File, Format Version 12.00
# Visual Studio Version 17
VisualStudioVersion = 17.2.32516.85
MinimumVisualStudioVersion = 10.0.40219.1
Project("{FAE04EC0-301F-11D3-BF4B-00C04F79EFBC}") = "DemoSpeed_Orlov", "DemoSpeed_Orlov.csproj", "{3C64A524-9C02-402E-93A0-4E9D322DEBCB}"
EndProject
Global
	GlobalSection(SolutionConfigurationPlatforms) = preSolution
		Debug|Any CPU = Debug|Any CPU
		Release|Any CPU = Release|Any CPU
	EndGlobalSection
	GlobalSection(ProjectConfigurationPlatforms) = postSolution
		{3C64A524-9C02-402E-93A0-4E9D322DEBCB}.Debug|Any CPU.ActiveCfg = Debug|Any CPU
		{3C64A524-9C02-402E-93A0-4E9D322DEBCB}.Debug|Any CPU.Build.0 = Debug|Any CPU
		{3C64A524-9C02-402E-93A0-4E9D322DEBCB}.Release|Any CPU.ActiveCfg = Release|Any CPU
		{3C64A524-9C02-402E-93A0-4E9D322DEBCB}.Release|Any CPU.Build.0 = Release|Any CPU
	EndGlobalSection
	GlobalSection(SolutionProperties) = preSolution
		HideSolutionNode = FALSE
	EndGlobalSection
	GlobalSection(ExtensibilityGlobals) = postSolution
		SolutionGuid = {ED936A5F-E979-4E12-8629-2D304DC7C162}
	EndGlobalSection
EndGlobal
